
Microsoft Visual Studio Solution File, Format Version 12.00
# Visual Studio 2012
Project("{FAE04EC0-301F-11D3-BF4B-00C04F79EFBC}") = "ALM.Demo", "ALM.Demo\ALM.Demo.csproj", "{475ED24D-C59A-4F4D-99D1-519CC3BC7364}"
EndProject
Project("{FAE04EC0-301F-11D3-BF4B-00C04F79EFBC}") = "ALM.Demo.Tests", "ALM.Demo.Tests\ALM.Demo.Tests.csproj", "{4065B8C1-8DBC-4E9F-9D1B-79F4A0B58439}"
EndProject
Global
	GlobalSection(SolutionConfigurationPlatforms) = preSolution
		Debug|Any CPU = Debug|Any CPU
		Release|Any CPU = Release|Any CPU
	EndGlobalSection
	GlobalSection(ProjectConfigurationPlatforms) = postSolution
		{475ED24D-C59A-4F4D-99D1-519CC3BC7364}.Debug|Any CPU.ActiveCfg = Debug|Any CPU
		{475ED24D-C59A-4F4D-99D1-519CC3BC7364}.Debug|Any CPU.Build.0 = Debug|Any CPU
		{475ED24D-C59A-4F4D-99D1-519CC3BC7364}.Release|Any CPU.ActiveCfg = Release|Any CPU
		{475ED24D-C59A-4F4D-99D1-519CC3BC7364}.Release|Any CPU.Build.0 = Release|Any CPU
		{4065B8C1-8DBC-4E9F-9D1B-79F4A0B58439}.Debug|Any CPU.ActiveCfg = Debug|Any CPU
		{4065B8C1-8DBC-4E9F-9D1B-79F4A0B58439}.Debug|Any CPU.Build.0 = Debug|Any CPU
		{4065B8C1-8DBC-4E9F-9D1B-79F4A0B58439}.Release|Any CPU.ActiveCfg = Release|Any CPU
		{4065B8C1-8DBC-4E9F-9D1B-79F4A0B58439}.Release|Any CPU.Build.0 = Release|Any CPU
	EndGlobalSection
	GlobalSection(SolutionProperties) = preSolution
		HideSolutionNode = FALSE
	EndGlobalSection
EndGlobal
